// !$*UTF8*$!
{
	archiveVersion = 1;
	classes = {
	};
	objectVersion = 56;
	objects = {

/* Begin PBXBuildFile section */
		C301EBC52B2C92C40083C1BB /* Species.swift in Sources */ = {isa = PBXBuildFile; fileRef = C301EBC42B2C92C40083C1BB /* Species.swift */; };
		C301EBC72B2C95F40083C1BB /* Films.swift in Sources */ = {isa = PBXBuildFile; fileRef = C301EBC62B2C95F40083C1BB /* Films.swift */; };
		C351E9F62B2AF2B400A3C42A /* Planets.swift in Sources */ = {isa = PBXBuildFile; fileRef = C351E9F52B2AF2B400A3C42A /* Planets.swift */; };
		C39503CA2B1D04BB0077969C /* PagesView.swift in Sources */ = {isa = PBXBuildFile; fileRef = C39503C92B1D04BB0077969C /* PagesView.swift */; };
		C3B22B842B1E4D7700D504C3 /* StarWarsAPI.swift in Sources */ = {isa = PBXBuildFile; fileRef = C3B22B832B1E4D7700D504C3 /* StarWarsAPI.swift */; };
		C3B22B872B1E4D8700D504C3 /* Alamofire in Frameworks */ = {isa = PBXBuildFile; productRef = C3B22B862B1E4D8700D504C3 /* Alamofire */; };
		C3B22B892B1E4DD300D504C3 /* People.swift in Sources */ = {isa = PBXBuildFile; fileRef = C3B22B882B1E4DD300D504C3 /* People.swift */; };
		C3BE7CD02B1B8A49008491CC /* Aurek-Besh.ttf in Resources */ = {isa = PBXBuildFile; fileRef = C3BE7CCF2B1B8A49008491CC /* Aurek-Besh.ttf */; };
		C3BE7CD52B1B967D008491CC /* Poppins-ExtraBold.ttf in Resources */ = {isa = PBXBuildFile; fileRef = C3BE7CD42B1B967D008491CC /* Poppins-ExtraBold.ttf */; };
		C3BE7CD72B1B9693008491CC /* Poppins-Regular.ttf in Resources */ = {isa = PBXBuildFile; fileRef = C3BE7CD62B1B9693008491CC /* Poppins-Regular.ttf */; };
		C3BE7CD92B1B97BE008491CC /* Raleway-ExtraLight.ttf in Resources */ = {isa = PBXBuildFile; fileRef = C3BE7CD82B1B97BE008491CC /* Raleway-ExtraLight.ttf */; };
		C3BE7CDB2B1B97CD008491CC /* Raleway-Medium.ttf in Resources */ = {isa = PBXBuildFile; fileRef = C3BE7CDA2B1B97CC008491CC /* Raleway-Medium.ttf */; };
		C3BE7CDF2B1BB1FE008491CC /* HeadingView.swift in Sources */ = {isa = PBXBuildFile; fileRef = C3BE7CDE2B1BB1FE008491CC /* HeadingView.swift */; };
		C3BE7CE12B1BBD25008491CC /* BadgeView.swift in Sources */ = {isa = PBXBuildFile; fileRef = C3BE7CE02B1BBD25008491CC /* BadgeView.swift */; };
		C3C66A4C2B1E354800AC4A65 /* CharacterDetailView.swift in Sources */ = {isa = PBXBuildFile; fileRef = C3C66A4B2B1E354800AC4A65 /* CharacterDetailView.swift */; };
		C3C66A4E2B1E355600AC4A65 /* DetailView.swift in Sources */ = {isa = PBXBuildFile; fileRef = C3C66A4D2B1E355600AC4A65 /* DetailView.swift */; };
		C3C66A502B1E37B600AC4A65 /* UpperBarView.swift in Sources */ = {isa = PBXBuildFile; fileRef = C3C66A4F2B1E37B600AC4A65 /* UpperBarView.swift */; };
		C3C66A522B1E382100AC4A65 /* LowerBarView.swift in Sources */ = {isa = PBXBuildFile; fileRef = C3C66A512B1E382100AC4A65 /* LowerBarView.swift */; };
		C3FE7CB12B1A6642004DA4BD /* star_wars_encyclopediaApp.swift in Sources */ = {isa = PBXBuildFile; fileRef = C3FE7CB02B1A6642004DA4BD /* star_wars_encyclopediaApp.swift */; };
		C3FE7CB32B1A6642004DA4BD /* CharactersListView.swift in Sources */ = {isa = PBXBuildFile; fileRef = C3FE7CB22B1A6642004DA4BD /* CharactersListView.swift */; };
		C3FE7CB52B1A6645004DA4BD /* Assets.xcassets in Resources */ = {isa = PBXBuildFile; fileRef = C3FE7CB42B1A6645004DA4BD /* Assets.xcassets */; };
		C3FE7CB82B1A6645004DA4BD /* Preview Assets.xcassets in Resources */ = {isa = PBXBuildFile; fileRef = C3FE7CB72B1A6645004DA4BD /* Preview Assets.xcassets */; };
/* End PBXBuildFile section */

/* Begin PBXContainerItemProxy section */
		C3FE7CBE2B1A6646004DA4BD /* PBXContainerItemProxy */ = {
			isa = PBXContainerItemProxy;
			containerPortal = C3FE7CA52B1A6642004DA4BD /* Project object */;
			proxyType = 1;
			remoteGlobalIDString = C3FE7CAC2B1A6642004DA4BD;
			remoteInfo = "star wars encyclopedia";
		};
		C3FE7CC82B1A6646004DA4BD /* PBXContainerItemProxy */ = {
			isa = PBXContainerItemProxy;
			containerPortal = C3FE7CA52B1A6642004DA4BD /* Project object */;
			proxyType = 1;
			remoteGlobalIDString = C3FE7CAC2B1A6642004DA4BD;
			remoteInfo = "star wars encyclopedia";
		};
/* End PBXContainerItemProxy section */

/* Begin PBXFileReference section */
		C301EBC42B2C92C40083C1BB /* Species.swift */ = {isa = PBXFileReference; lastKnownFileType = sourcecode.swift; path = Species.swift; sourceTree = "<group>"; };
		C301EBC62B2C95F40083C1BB /* Films.swift */ = {isa = PBXFileReference; lastKnownFileType = sourcecode.swift; path = Films.swift; sourceTree = "<group>"; };
		C351E9F52B2AF2B400A3C42A /* Planets.swift */ = {isa = PBXFileReference; lastKnownFileType = sourcecode.swift; path = Planets.swift; sourceTree = "<group>"; };
		C39503C92B1D04BB0077969C /* PagesView.swift */ = {isa = PBXFileReference; lastKnownFileType = sourcecode.swift; path = PagesView.swift; sourceTree = "<group>"; };
		C3B22B832B1E4D7700D504C3 /* StarWarsAPI.swift */ = {isa = PBXFileReference; lastKnownFileType = sourcecode.swift; path = StarWarsAPI.swift; sourceTree = "<group>"; };
		C3B22B882B1E4DD300D504C3 /* People.swift */ = {isa = PBXFileReference; lastKnownFileType = sourcecode.swift; path = People.swift; sourceTree = "<group>"; };
		C3BE7CCF2B1B8A49008491CC /* Aurek-Besh.ttf */ = {isa = PBXFileReference; lastKnownFileType = file; path = "Aurek-Besh.ttf"; sourceTree = "<group>"; };
		C3BE7CD32B1B8E81008491CC /* star-wars-encyclopedia-Info.plist */ = {isa = PBXFileReference; lastKnownFileType = text.plist.xml; path = "star-wars-encyclopedia-Info.plist"; sourceTree = SOURCE_ROOT; };
		C3BE7CD42B1B967D008491CC /* Poppins-ExtraBold.ttf */ = {isa = PBXFileReference; lastKnownFileType = file; path = "Poppins-ExtraBold.ttf"; sourceTree = "<group>"; };
		C3BE7CD62B1B9693008491CC /* Poppins-Regular.ttf */ = {isa = PBXFileReference; lastKnownFileType = file; path = "Poppins-Regular.ttf"; sourceTree = "<group>"; };
		C3BE7CD82B1B97BE008491CC /* Raleway-ExtraLight.ttf */ = {isa = PBXFileReference; lastKnownFileType = file; path = "Raleway-ExtraLight.ttf"; sourceTree = "<group>"; };
		C3BE7CDA2B1B97CC008491CC /* Raleway-Medium.ttf */ = {isa = PBXFileReference; lastKnownFileType = file; path = "Raleway-Medium.ttf"; sourceTree = "<group>"; };
		C3BE7CDE2B1BB1FE008491CC /* HeadingView.swift */ = {isa = PBXFileReference; lastKnownFileType = sourcecode.swift; path = HeadingView.swift; sourceTree = "<group>"; };
		C3BE7CE02B1BBD25008491CC /* BadgeView.swift */ = {isa = PBXFileReference; lastKnownFileType = sourcecode.swift; path = BadgeView.swift; sourceTree = "<group>"; };
		C3C66A4B2B1E354800AC4A65 /* CharacterDetailView.swift */ = {isa = PBXFileReference; lastKnownFileType = sourcecode.swift; path = CharacterDetailView.swift; sourceTree = "<group>"; };
		C3C66A4D2B1E355600AC4A65 /* DetailView.swift */ = {isa = PBXFileReference; lastKnownFileType = sourcecode.swift; path = DetailView.swift; sourceTree = "<group>"; };
		C3C66A4F2B1E37B600AC4A65 /* UpperBarView.swift */ = {isa = PBXFileReference; lastKnownFileType = sourcecode.swift; path = UpperBarView.swift; sourceTree = "<group>"; };
		C3C66A512B1E382100AC4A65 /* LowerBarView.swift */ = {isa = PBXFileReference; lastKnownFileType = sourcecode.swift; path = LowerBarView.swift; sourceTree = "<group>"; };
		C3FE7CAD2B1A6642004DA4BD /* star wars encyclopedia.app */ = {isa = PBXFileReference; explicitFileType = wrapper.application; includeInIndex = 0; path = "star wars encyclopedia.app"; sourceTree = BUILT_PRODUCTS_DIR; };
		C3FE7CB02B1A6642004DA4BD /* star_wars_encyclopediaApp.swift */ = {isa = PBXFileReference; lastKnownFileType = sourcecode.swift; path = star_wars_encyclopediaApp.swift; sourceTree = "<group>"; };
		C3FE7CB22B1A6642004DA4BD /* CharactersListView.swift */ = {isa = PBXFileReference; lastKnownFileType = sourcecode.swift; path = CharactersListView.swift; sourceTree = "<group>"; };
		C3FE7CB42B1A6645004DA4BD /* Assets.xcassets */ = {isa = PBXFileReference; lastKnownFileType = folder.assetcatalog; path = Assets.xcassets; sourceTree = "<group>"; };
		C3FE7CB72B1A6645004DA4BD /* Preview Assets.xcassets */ = {isa = PBXFileReference; lastKnownFileType = folder.assetcatalog; path = "Preview Assets.xcassets"; sourceTree = "<group>"; };
		C3FE7CBD2B1A6646004DA4BD /* star wars encyclopediaTests.xctest */ = {isa = PBXFileReference; explicitFileType = wrapper.cfbundle; includeInIndex = 0; path = "star wars encyclopediaTests.xctest"; sourceTree = BUILT_PRODUCTS_DIR; };
		C3FE7CC72B1A6646004DA4BD /* star wars encyclopediaUITests.xctest */ = {isa = PBXFileReference; explicitFileType = wrapper.cfbundle; includeInIndex = 0; path = "star wars encyclopediaUITests.xctest"; sourceTree = BUILT_PRODUCTS_DIR; };
/* End PBXFileReference section */

/* Begin PBXFrameworksBuildPhase section */
		C3FE7CAA2B1A6642004DA4BD /* Frameworks */ = {
			isa = PBXFrameworksBuildPhase;
			buildActionMask = 2147483647;
			files = (
				C3B22B872B1E4D8700D504C3 /* Alamofire in Frameworks */,
			);
			runOnlyForDeploymentPostprocessing = 0;
		};
		C3FE7CBA2B1A6646004DA4BD /* Frameworks */ = {
			isa = PBXFrameworksBuildPhase;
			buildActionMask = 2147483647;
			files = (
			);
			runOnlyForDeploymentPostprocessing = 0;
		};
		C3FE7CC42B1A6646004DA4BD /* Frameworks */ = {
			isa = PBXFrameworksBuildPhase;
			buildActionMask = 2147483647;
			files = (
			);
			runOnlyForDeploymentPostprocessing = 0;
		};
/* End PBXFrameworksBuildPhase section */

/* Begin PBXGroup section */
		C3BE7CCD2B1B89FB008491CC /* Resources */ = {
			isa = PBXGroup;
			children = (
				C3BE7CCE2B1B8A11008491CC /* Fonts */,
			);
			path = Resources;
			sourceTree = "<group>";
		};
		C3BE7CCE2B1B8A11008491CC /* Fonts */ = {
			isa = PBXGroup;
			children = (
				C3BE7CD62B1B9693008491CC /* Poppins-Regular.ttf */,
				C3BE7CD42B1B967D008491CC /* Poppins-ExtraBold.ttf */,
				C3BE7CD82B1B97BE008491CC /* Raleway-ExtraLight.ttf */,
				C3BE7CDA2B1B97CC008491CC /* Raleway-Medium.ttf */,
				C3BE7CCF2B1B8A49008491CC /* Aurek-Besh.ttf */,
			);
			path = Fonts;
			sourceTree = "<group>";
		};
		C3BE7CDC2B1BB164008491CC /* Views */ = {
			isa = PBXGroup;
			children = (
				C3FE7CB22B1A6642004DA4BD /* CharactersListView.swift */,
				C3C66A4B2B1E354800AC4A65 /* CharacterDetailView.swift */,
			);
			path = Views;
			sourceTree = "<group>";
		};
		C3BE7CDD2B1BB1B4008491CC /* Components */ = {
			isa = PBXGroup;
			children = (
				C3BE7CDE2B1BB1FE008491CC /* HeadingView.swift */,
				C3BE7CE02B1BBD25008491CC /* BadgeView.swift */,
				C39503C92B1D04BB0077969C /* PagesView.swift */,
				C3C66A4D2B1E355600AC4A65 /* DetailView.swift */,
				C3C66A4F2B1E37B600AC4A65 /* UpperBarView.swift */,
				C3C66A512B1E382100AC4A65 /* LowerBarView.swift */,
			);
			path = Components;
			sourceTree = "<group>";
		};
		C3C66A532B1E3CB300AC4A65 /* API */ = {
			isa = PBXGroup;
			children = (
				C3B22B832B1E4D7700D504C3 /* StarWarsAPI.swift */,
			);
			path = API;
			sourceTree = "<group>";
		};
		C3C66A542B1E3CBC00AC4A65 /* Model */ = {
			isa = PBXGroup;
			children = (
				C3B22B882B1E4DD300D504C3 /* People.swift */,
				C351E9F52B2AF2B400A3C42A /* Planets.swift */,
				C301EBC42B2C92C40083C1BB /* Species.swift */,
				C301EBC62B2C95F40083C1BB /* Films.swift */,
			);
			path = Model;
			sourceTree = "<group>";
		};
		C3FE7CA42B1A6642004DA4BD = {
			isa = PBXGroup;
			children = (
				C3FE7CAF2B1A6642004DA4BD /* Star Wars Encyclopedia */,
				C3BE7CD32B1B8E81008491CC /* star-wars-encyclopedia-Info.plist */,
				C3FE7CAE2B1A6642004DA4BD /* Products */,
			);
			sourceTree = "<group>";
		};
		C3FE7CAE2B1A6642004DA4BD /* Products */ = {
			isa = PBXGroup;
			children = (
				C3FE7CAD2B1A6642004DA4BD /* star wars encyclopedia.app */,
				C3FE7CBD2B1A6646004DA4BD /* star wars encyclopediaTests.xctest */,
				C3FE7CC72B1A6646004DA4BD /* star wars encyclopediaUITests.xctest */,
			);
			name = Products;
			sourceTree = "<group>";
		};
		C3FE7CAF2B1A6642004DA4BD /* Star Wars Encyclopedia */ = {
			isa = PBXGroup;
			children = (
				C3FE7CB02B1A6642004DA4BD /* star_wars_encyclopediaApp.swift */,
				C3BE7CDC2B1BB164008491CC /* Views */,
				C3BE7CDD2B1BB1B4008491CC /* Components */,
				C3C66A542B1E3CBC00AC4A65 /* Model */,
				C3C66A532B1E3CB300AC4A65 /* API */,
				C3BE7CCD2B1B89FB008491CC /* Resources */,
				C3FE7CB42B1A6645004DA4BD /* Assets.xcassets */,
				C3FE7CB62B1A6645004DA4BD /* Preview Content */,
			);
			path = "Star Wars Encyclopedia";
			sourceTree = "<group>";
		};
		C3FE7CB62B1A6645004DA4BD /* Preview Content */ = {
			isa = PBXGroup;
			children = (
				C3FE7CB72B1A6645004DA4BD /* Preview Assets.xcassets */,
			);
			path = "Preview Content";
			sourceTree = "<group>";
		};
/* End PBXGroup section */

/* Begin PBXNativeTarget section */
		C3FE7CAC2B1A6642004DA4BD /* star wars encyclopedia */ = {
			isa = PBXNativeTarget;
			buildConfigurationList = C3FE7CD12B1A6646004DA4BD /* Build configuration list for PBXNativeTarget "star wars encyclopedia" */;
			buildPhases = (
				C3FE7CA92B1A6642004DA4BD /* Sources */,
				C3FE7CAA2B1A6642004DA4BD /* Frameworks */,
				C3FE7CAB2B1A6642004DA4BD /* Resources */,
			);
			buildRules = (
			);
			dependencies = (
			);
			name = "star wars encyclopedia";
			packageProductDependencies = (
				C3B22B862B1E4D8700D504C3 /* Alamofire */,
			);
			productName = "star wars encyclopedia";
			productReference = C3FE7CAD2B1A6642004DA4BD /* star wars encyclopedia.app */;
			productType = "com.apple.product-type.application";
		};
		C3FE7CBC2B1A6646004DA4BD /* star wars encyclopediaTests */ = {
			isa = PBXNativeTarget;
			buildConfigurationList = C3FE7CD42B1A6646004DA4BD /* Build configuration list for PBXNativeTarget "star wars encyclopediaTests" */;
			buildPhases = (
				C3FE7CB92B1A6646004DA4BD /* Sources */,
				C3FE7CBA2B1A6646004DA4BD /* Frameworks */,
				C3FE7CBB2B1A6646004DA4BD /* Resources */,
			);
			buildRules = (
			);
			dependencies = (
				C3FE7CBF2B1A6646004DA4BD /* PBXTargetDependency */,
			);
			name = "star wars encyclopediaTests";
			productName = "star wars encyclopediaTests";
			productReference = C3FE7CBD2B1A6646004DA4BD /* star wars encyclopediaTests.xctest */;
			productType = "com.apple.product-type.bundle.unit-test";
		};
		C3FE7CC62B1A6646004DA4BD /* star wars encyclopediaUITests */ = {
			isa = PBXNativeTarget;
			buildConfigurationList = C3FE7CD72B1A6646004DA4BD /* Build configuration list for PBXNativeTarget "star wars encyclopediaUITests" */;
			buildPhases = (
				C3FE7CC32B1A6646004DA4BD /* Sources */,
				C3FE7CC42B1A6646004DA4BD /* Frameworks */,
				C3FE7CC52B1A6646004DA4BD /* Resources */,
			);
			buildRules = (
			);
			dependencies = (
				C3FE7CC92B1A6646004DA4BD /* PBXTargetDependency */,
			);
			name = "star wars encyclopediaUITests";
			productName = "star wars encyclopediaUITests";
			productReference = C3FE7CC72B1A6646004DA4BD /* star wars encyclopediaUITests.xctest */;
			productType = "com.apple.product-type.bundle.ui-testing";
		};
/* End PBXNativeTarget section */

/* Begin PBXProject section */
		C3FE7CA52B1A6642004DA4BD /* Project object */ = {
			isa = PBXProject;
			attributes = {
				BuildIndependentTargetsInParallel = 1;
				LastSwiftUpdateCheck = 1500;
				LastUpgradeCheck = 1500;
				TargetAttributes = {
					C3FE7CAC2B1A6642004DA4BD = {
						CreatedOnToolsVersion = 15.0.1;
					};
					C3FE7CBC2B1A6646004DA4BD = {
						CreatedOnToolsVersion = 15.0.1;
						TestTargetID = C3FE7CAC2B1A6642004DA4BD;
					};
					C3FE7CC62B1A6646004DA4BD = {
						CreatedOnToolsVersion = 15.0.1;
						TestTargetID = C3FE7CAC2B1A6642004DA4BD;
					};
				};
			};
			buildConfigurationList = C3FE7CA82B1A6642004DA4BD /* Build configuration list for PBXProject "Star Wars Encyclopedia" */;
			compatibilityVersion = "Xcode 14.0";
			developmentRegion = en;
			hasScannedForEncodings = 0;
			knownRegions = (
				en,
				Base,
			);
			mainGroup = C3FE7CA42B1A6642004DA4BD;
			packageReferences = (
				C3B22B852B1E4D8700D504C3 /* XCRemoteSwiftPackageReference "Alamofire" */,
			);
			productRefGroup = C3FE7CAE2B1A6642004DA4BD /* Products */;
			projectDirPath = "";
			projectRoot = "";
			targets = (
				C3FE7CAC2B1A6642004DA4BD /* star wars encyclopedia */,
				C3FE7CBC2B1A6646004DA4BD /* star wars encyclopediaTests */,
				C3FE7CC62B1A6646004DA4BD /* star wars encyclopediaUITests */,
			);
		};
/* End PBXProject section */

/* Begin PBXResourcesBuildPhase section */
		C3FE7CAB2B1A6642004DA4BD /* Resources */ = {
			isa = PBXResourcesBuildPhase;
			buildActionMask = 2147483647;
			files = (
				C3BE7CDB2B1B97CD008491CC /* Raleway-Medium.ttf in Resources */,
				C3BE7CD52B1B967D008491CC /* Poppins-ExtraBold.ttf in Resources */,
				C3BE7CD02B1B8A49008491CC /* Aurek-Besh.ttf in Resources */,
				C3BE7CD92B1B97BE008491CC /* Raleway-ExtraLight.ttf in Resources */,
				C3FE7CB82B1A6645004DA4BD /* Preview Assets.xcassets in Resources */,
				C3FE7CB52B1A6645004DA4BD /* Assets.xcassets in Resources */,
				C3BE7CD72B1B9693008491CC /* Poppins-Regular.ttf in Resources */,
			);
			runOnlyForDeploymentPostprocessing = 0;
		};
		C3FE7CBB2B1A6646004DA4BD /* Resources */ = {
			isa = PBXResourcesBuildPhase;
			buildActionMask = 2147483647;
			files = (
			);
			runOnlyForDeploymentPostprocessing = 0;
		};
		C3FE7CC52B1A6646004DA4BD /* Resources */ = {
			isa = PBXResourcesBuildPhase;
			buildActionMask = 2147483647;
			files = (
			);
			runOnlyForDeploymentPostprocessing = 0;
		};
/* End PBXResourcesBuildPhase section */

/* Begin PBXSourcesBuildPhase section */
		C3FE7CA92B1A6642004DA4BD /* Sources */ = {
			isa = PBXSourcesBuildPhase;
			buildActionMask = 2147483647;
			files = (
				C3C66A502B1E37B600AC4A65 /* UpperBarView.swift in Sources */,
				C3BE7CE12B1BBD25008491CC /* BadgeView.swift in Sources */,
				C3C66A4E2B1E355600AC4A65 /* DetailView.swift in Sources */,
				C301EBC72B2C95F40083C1BB /* Films.swift in Sources */,
				C3B22B892B1E4DD300D504C3 /* People.swift in Sources */,
				C3FE7CB32B1A6642004DA4BD /* CharactersListView.swift in Sources */,
				C3C66A4C2B1E354800AC4A65 /* CharacterDetailView.swift in Sources */,
				C301EBC52B2C92C40083C1BB /* Species.swift in Sources */,
				C3B22B842B1E4D7700D504C3 /* StarWarsAPI.swift in Sources */,
				C3C66A522B1E382100AC4A65 /* LowerBarView.swift in Sources */,
				C3BE7CDF2B1BB1FE008491CC /* HeadingView.swift in Sources */,
				C39503CA2B1D04BB0077969C /* PagesView.swift in Sources */,
				C3FE7CB12B1A6642004DA4BD /* star_wars_encyclopediaApp.swift in Sources */,
				C351E9F62B2AF2B400A3C42A /* Planets.swift in Sources */,
			);
			runOnlyForDeploymentPostprocessing = 0;
		};
		C3FE7CB92B1A6646004DA4BD /* Sources */ = {
			isa = PBXSourcesBuildPhase;
			buildActionMask = 2147483647;
			files = (
			);
			runOnlyForDeploymentPostprocessing = 0;
		};
		C3FE7CC32B1A6646004DA4BD /* Sources */ = {
			isa = PBXSourcesBuildPhase;
			buildActionMask = 2147483647;
			files = (
			);
			runOnlyForDeploymentPostprocessing = 0;
		};
/* End PBXSourcesBuildPhase section */

/* Begin PBXTargetDependency section */
		C3FE7CBF2B1A6646004DA4BD /* PBXTargetDependency */ = {
			isa = PBXTargetDependency;
			target = C3FE7CAC2B1A6642004DA4BD /* star wars encyclopedia */;
			targetProxy = C3FE7CBE2B1A6646004DA4BD /* PBXContainerItemProxy */;
		};
		C3FE7CC92B1A6646004DA4BD /* PBXTargetDependency */ = {
			isa = PBXTargetDependency;
			target = C3FE7CAC2B1A6642004DA4BD /* star wars encyclopedia */;
			targetProxy = C3FE7CC82B1A6646004DA4BD /* PBXContainerItemProxy */;
		};
/* End PBXTargetDependency section */

/* Begin XCBuildConfiguration section */
		C3FE7CCF2B1A6646004DA4BD /* Debug */ = {
			isa = XCBuildConfiguration;
			buildSettings = {
				ALWAYS_SEARCH_USER_PATHS = NO;
				ASSETCATALOG_COMPILER_GENERATE_SWIFT_ASSET_SYMBOL_EXTENSIONS = YES;
				CLANG_ANALYZER_NONNULL = YES;
				CLANG_ANALYZER_NUMBER_OBJECT_CONVERSION = YES_AGGRESSIVE;
				CLANG_CXX_LANGUAGE_STANDARD = "gnu++20";
				CLANG_ENABLE_MODULES = YES;
				CLANG_ENABLE_OBJC_ARC = YES;
				CLANG_ENABLE_OBJC_WEAK = YES;
				CLANG_WARN_BLOCK_CAPTURE_AUTORELEASING = YES;
				CLANG_WARN_BOOL_CONVERSION = YES;
				CLANG_WARN_COMMA = YES;
				CLANG_WARN_CONSTANT_CONVERSION = YES;
				CLANG_WARN_DEPRECATED_OBJC_IMPLEMENTATIONS = YES;
				CLANG_WARN_DIRECT_OBJC_ISA_USAGE = YES_ERROR;
				CLANG_WARN_DOCUMENTATION_COMMENTS = YES;
				CLANG_WARN_EMPTY_BODY = YES;
				CLANG_WARN_ENUM_CONVERSION = YES;
				CLANG_WARN_INFINITE_RECURSION = YES;
				CLANG_WARN_INT_CONVERSION = YES;
				CLANG_WARN_NON_LITERAL_NULL_CONVERSION = YES;
				CLANG_WARN_OBJC_IMPLICIT_RETAIN_SELF = YES;
				CLANG_WARN_OBJC_LITERAL_CONVERSION = YES;
				CLANG_WARN_OBJC_ROOT_CLASS = YES_ERROR;
				CLANG_WARN_QUOTED_INCLUDE_IN_FRAMEWORK_HEADER = YES;
				CLANG_WARN_RANGE_LOOP_ANALYSIS = YES;
				CLANG_WARN_STRICT_PROTOTYPES = YES;
				CLANG_WARN_SUSPICIOUS_MOVE = YES;
				CLANG_WARN_UNGUARDED_AVAILABILITY = YES_AGGRESSIVE;
				CLANG_WARN_UNREACHABLE_CODE = YES;
				CLANG_WARN__DUPLICATE_METHOD_MATCH = YES;
				COPY_PHASE_STRIP = NO;
				DEBUG_INFORMATION_FORMAT = dwarf;
				ENABLE_STRICT_OBJC_MSGSEND = YES;
				ENABLE_TESTABILITY = YES;
				ENABLE_USER_SCRIPT_SANDBOXING = YES;
				GCC_C_LANGUAGE_STANDARD = gnu17;
				GCC_DYNAMIC_NO_PIC = NO;
				GCC_NO_COMMON_BLOCKS = YES;
				GCC_OPTIMIZATION_LEVEL = 0;
				GCC_PREPROCESSOR_DEFINITIONS = (
					"DEBUG=1",
					"$(inherited)",
				);
				GCC_WARN_64_TO_32_BIT_CONVERSION = YES;
				GCC_WARN_ABOUT_RETURN_TYPE = YES_ERROR;
				GCC_WARN_UNDECLARED_SELECTOR = YES;
				GCC_WARN_UNINITIALIZED_AUTOS = YES_AGGRESSIVE;
				GCC_WARN_UNUSED_FUNCTION = YES;
				GCC_WARN_UNUSED_VARIABLE = YES;
				IPHONEOS_DEPLOYMENT_TARGET = 17.0;
				LOCALIZATION_PREFERS_STRING_CATALOGS = YES;
				MTL_ENABLE_DEBUG_INFO = INCLUDE_SOURCE;
				MTL_FAST_MATH = YES;
				ONLY_ACTIVE_ARCH = YES;
				SDKROOT = iphoneos;
				SWIFT_ACTIVE_COMPILATION_CONDITIONS = "DEBUG $(inherited)";
				SWIFT_OPTIMIZATION_LEVEL = "-Onone";
			};
			name = Debug;
		};
		C3FE7CD02B1A6646004DA4BD /* Release */ = {
			isa = XCBuildConfiguration;
			buildSettings = {
				ALWAYS_SEARCH_USER_PATHS = NO;
				ASSETCATALOG_COMPILER_GENERATE_SWIFT_ASSET_SYMBOL_EXTENSIONS = YES;
				CLANG_ANALYZER_NONNULL = YES;
				CLANG_ANALYZER_NUMBER_OBJECT_CONVERSION = YES_AGGRESSIVE;
				CLANG_CXX_LANGUAGE_STANDARD = "gnu++20";
				CLANG_ENABLE_MODULES = YES;
				CLANG_ENABLE_OBJC_ARC = YES;
				CLANG_ENABLE_OBJC_WEAK = YES;
				CLANG_WARN_BLOCK_CAPTURE_AUTORELEASING = YES;
				CLANG_WARN_BOOL_CONVERSION = YES;
				CLANG_WARN_COMMA = YES;
				CLANG_WARN_CONSTANT_CONVERSION = YES;
				CLANG_WARN_DEPRECATED_OBJC_IMPLEMENTATIONS = YES;
				CLANG_WARN_DIRECT_OBJC_ISA_USAGE = YES_ERROR;
				CLANG_WARN_DOCUMENTATION_COMMENTS = YES;
				CLANG_WARN_EMPTY_BODY = YES;
				CLANG_WARN_ENUM_CONVERSION = YES;
				CLANG_WARN_INFINITE_RECURSION = YES;
				CLANG_WARN_INT_CONVERSION = YES;
				CLANG_WARN_NON_LITERAL_NULL_CONVERSION = YES;
				CLANG_WARN_OBJC_IMPLICIT_RETAIN_SELF = YES;
				CLANG_WARN_OBJC_LITERAL_CONVERSION = YES;
				CLANG_WARN_OBJC_ROOT_CLASS = YES_ERROR;
				CLANG_WARN_QUOTED_INCLUDE_IN_FRAMEWORK_HEADER = YES;
				CLANG_WARN_RANGE_LOOP_ANALYSIS = YES;
				CLANG_WARN_STRICT_PROTOTYPES = YES;
				CLANG_WARN_SUSPICIOUS_MOVE = YES;
				CLANG_WARN_UNGUARDED_AVAILABILITY = YES_AGGRESSIVE;
				CLANG_WARN_UNREACHABLE_CODE = YES;
				CLANG_WARN__DUPLICATE_METHOD_MATCH = YES;
				COPY_PHASE_STRIP = NO;
				DEBUG_INFORMATION_FORMAT = "dwarf-with-dsym";
				ENABLE_NS_ASSERTIONS = NO;
				ENABLE_STRICT_OBJC_MSGSEND = YES;
				ENABLE_USER_SCRIPT_SANDBOXING = YES;
				GCC_C_LANGUAGE_STANDARD = gnu17;
				GCC_NO_COMMON_BLOCKS = YES;
				GCC_WARN_64_TO_32_BIT_CONVERSION = YES;
				GCC_WARN_ABOUT_RETURN_TYPE = YES_ERROR;
				GCC_WARN_UNDECLARED_SELECTOR = YES;
				GCC_WARN_UNINITIALIZED_AUTOS = YES_AGGRESSIVE;
				GCC_WARN_UNUSED_FUNCTION = YES;
				GCC_WARN_UNUSED_VARIABLE = YES;
				IPHONEOS_DEPLOYMENT_TARGET = 17.0;
				LOCALIZATION_PREFERS_STRING_CATALOGS = YES;
				MTL_ENABLE_DEBUG_INFO = NO;
				MTL_FAST_MATH = YES;
				SDKROOT = iphoneos;
				SWIFT_COMPILATION_MODE = wholemodule;
				VALIDATE_PRODUCT = YES;
			};
			name = Release;
		};
		C3FE7CD22B1A6646004DA4BD /* Debug */ = {
			isa = XCBuildConfiguration;
			buildSettings = {
				ASSETCATALOG_COMPILER_APPICON_NAME = AppIcon;
				ASSETCATALOG_COMPILER_GLOBAL_ACCENT_COLOR_NAME = AccentColor;
				CODE_SIGN_STYLE = Automatic;
				CURRENT_PROJECT_VERSION = 1;
				DEVELOPMENT_ASSET_PATHS = "\"star wars encyclopedia/Preview Content\"";
				DEVELOPMENT_TEAM = U83AYT842T;
				ENABLE_PREVIEWS = YES;
				GENERATE_INFOPLIST_FILE = YES;
				INFOPLIST_FILE = "star-wars-encyclopedia-Info.plist";
				INFOPLIST_KEY_UIApplicationSceneManifest_Generation = YES;
				INFOPLIST_KEY_UIApplicationSupportsIndirectInputEvents = YES;
				INFOPLIST_KEY_UILaunchScreen_Generation = YES;
				INFOPLIST_KEY_UISupportedInterfaceOrientations_iPad = "UIInterfaceOrientationPortrait UIInterfaceOrientationPortraitUpsideDown UIInterfaceOrientationLandscapeLeft UIInterfaceOrientationLandscapeRight";
				INFOPLIST_KEY_UISupportedInterfaceOrientations_iPhone = "UIInterfaceOrientationPortrait UIInterfaceOrientationLandscapeLeft UIInterfaceOrientationLandscapeRight";
				LD_RUNPATH_SEARCH_PATHS = (
					"$(inherited)",
					"@executable_path/Frameworks",
				);
				MARKETING_VERSION = 1.0;
				PRODUCT_BUNDLE_IDENTIFIER = "com.didacdev.star-wars-encyclopedia";
				PRODUCT_NAME = "$(TARGET_NAME)";
				SWIFT_EMIT_LOC_STRINGS = YES;
				SWIFT_VERSION = 5.0;
				TARGETED_DEVICE_FAMILY = "1,2";
			};
			name = Debug;
		};
		C3FE7CD32B1A6646004DA4BD /* Release */ = {
			isa = XCBuildConfiguration;
			buildSettings = {
				ASSETCATALOG_COMPILER_APPICON_NAME = AppIcon;
				ASSETCATALOG_COMPILER_GLOBAL_ACCENT_COLOR_NAME = AccentColor;
				CODE_SIGN_STYLE = Automatic;
				CURRENT_PROJECT_VERSION = 1;
				DEVELOPMENT_ASSET_PATHS = "\"star wars encyclopedia/Preview Content\"";
				DEVELOPMENT_TEAM = U83AYT842T;
				ENABLE_PREVIEWS = YES;
				GENERATE_INFOPLIST_FILE = YES;
				INFOPLIST_FILE = "star-wars-encyclopedia-Info.plist";
				INFOPLIST_KEY_UIApplicationSceneManifest_Generation = YES;
				INFOPLIST_KEY_UIApplicationSupportsIndirectInputEvents = YES;
				INFOPLIST_KEY_UILaunchScreen_Generation = YES;
				INFOPLIST_KEY_UISupportedInterfaceOrientations_iPad = "UIInterfaceOrientationPortrait UIInterfaceOrientationPortraitUpsideDown UIInterfaceOrientationLandscapeLeft UIInterfaceOrientationLandscapeRight";
				INFOPLIST_KEY_UISupportedInterfaceOrientations_iPhone = "UIInterfaceOrientationPortrait UIInterfaceOrientationLandscapeLeft UIInterfaceOrientationLandscapeRight";
				LD_RUNPATH_SEARCH_PATHS = (
					"$(inherited)",
					"@executable_path/Frameworks",
				);
				MARKETING_VERSION = 1.0;
				PRODUCT_BUNDLE_IDENTIFIER = "com.didacdev.star-wars-encyclopedia";
				PRODUCT_NAME = "$(TARGET_NAME)";
				SWIFT_EMIT_LOC_STRINGS = YES;
				SWIFT_VERSION = 5.0;
				TARGETED_DEVICE_FAMILY = "1,2";
			};
			name = Release;
		};
		C3FE7CD52B1A6646004DA4BD /* Debug */ = {
			isa = XCBuildConfiguration;
			buildSettings = {
				ALWAYS_EMBED_SWIFT_STANDARD_LIBRARIES = YES;
				BUNDLE_LOADER = "$(TEST_HOST)";
				CODE_SIGN_STYLE = Automatic;
				CURRENT_PROJECT_VERSION = 1;
				GENERATE_INFOPLIST_FILE = YES;
				IPHONEOS_DEPLOYMENT_TARGET = 17.0;
				MARKETING_VERSION = 1.0;
				PRODUCT_BUNDLE_IDENTIFIER = "com.didacdev.star-wars-encyclopediaTests";
				PRODUCT_NAME = "$(TARGET_NAME)";
				SWIFT_EMIT_LOC_STRINGS = NO;
				SWIFT_VERSION = 5.0;
				TARGETED_DEVICE_FAMILY = "1,2";
				TEST_HOST = "$(BUILT_PRODUCTS_DIR)/star wars encyclopedia.app/$(BUNDLE_EXECUTABLE_FOLDER_PATH)/star wars encyclopedia";
			};
			name = Debug;
		};
		C3FE7CD62B1A6646004DA4BD /* Release */ = {
			isa = XCBuildConfiguration;
			buildSettings = {
				ALWAYS_EMBED_SWIFT_STANDARD_LIBRARIES = YES;
				BUNDLE_LOADER = "$(TEST_HOST)";
				CODE_SIGN_STYLE = Automatic;
				CURRENT_PROJECT_VERSION = 1;
				GENERATE_INFOPLIST_FILE = YES;
				IPHONEOS_DEPLOYMENT_TARGET = 17.0;
				MARKETING_VERSION = 1.0;
				PRODUCT_BUNDLE_IDENTIFIER = "com.didacdev.star-wars-encyclopediaTests";
				PRODUCT_NAME = "$(TARGET_NAME)";
				SWIFT_EMIT_LOC_STRINGS = NO;
				SWIFT_VERSION = 5.0;
				TARGETED_DEVICE_FAMILY = "1,2";
				TEST_HOST = "$(BUILT_PRODUCTS_DIR)/star wars encyclopedia.app/$(BUNDLE_EXECUTABLE_FOLDER_PATH)/star wars encyclopedia";
			};
			name = Release;
		};
		C3FE7CD82B1A6646004DA4BD /* Debug */ = {
			isa = XCBuildConfiguration;
			buildSettings = {
				ALWAYS_EMBED_SWIFT_STANDARD_LIBRARIES = YES;
				CODE_SIGN_STYLE = Automatic;
				CURRENT_PROJECT_VERSION = 1;
				GENERATE_INFOPLIST_FILE = YES;
				MARKETING_VERSION = 1.0;
				PRODUCT_BUNDLE_IDENTIFIER = "com.didacdev.star-wars-encyclopediaUITests";
				PRODUCT_NAME = "$(TARGET_NAME)";
				SWIFT_EMIT_LOC_STRINGS = NO;
				SWIFT_VERSION = 5.0;
				TARGETED_DEVICE_FAMILY = "1,2";
				TEST_TARGET_NAME = "star wars encyclopedia";
			};
			name = Debug;
		};
		C3FE7CD92B1A6646004DA4BD /* Release */ = {
			isa = XCBuildConfiguration;
			buildSettings = {
				ALWAYS_EMBED_SWIFT_STANDARD_LIBRARIES = YES;
				CODE_SIGN_STYLE = Automatic;
				CURRENT_PROJECT_VERSION = 1;
				GENERATE_INFOPLIST_FILE = YES;
				MARKETING_VERSION = 1.0;
				PRODUCT_BUNDLE_IDENTIFIER = "com.didacdev.star-wars-encyclopediaUITests";
				PRODUCT_NAME = "$(TARGET_NAME)";
				SWIFT_EMIT_LOC_STRINGS = NO;
				SWIFT_VERSION = 5.0;
				TARGETED_DEVICE_FAMILY = "1,2";
				TEST_TARGET_NAME = "star wars encyclopedia";
			};
			name = Release;
		};
/* End XCBuildConfiguration section */

/* Begin XCConfigurationList section */
		C3FE7CA82B1A6642004DA4BD /* Build configuration list for PBXProject "Star Wars Encyclopedia" */ = {
			isa = XCConfigurationList;
			buildConfigurations = (
				C3FE7CCF2B1A6646004DA4BD /* Debug */,
				C3FE7CD02B1A6646004DA4BD /* Release */,
			);
			defaultConfigurationIsVisible = 0;
			defaultConfigurationName = Release;
		};
		C3FE7CD12B1A6646004DA4BD /* Build configuration list for PBXNativeTarget "star wars encyclopedia" */ = {
			isa = XCConfigurationList;
			buildConfigurations = (
				C3FE7CD22B1A6646004DA4BD /* Debug */,
				C3FE7CD32B1A6646004DA4BD /* Release */,
			);
			defaultConfigurationIsVisible = 0;
			defaultConfigurationName = Release;
		};
		C3FE7CD42B1A6646004DA4BD /* Build configuration list for PBXNativeTarget "star wars encyclopediaTests" */ = {
			isa = XCConfigurationList;
			buildConfigurations = (
				C3FE7CD52B1A6646004DA4BD /* Debug */,
				C3FE7CD62B1A6646004DA4BD /* Release */,
			);
			defaultConfigurationIsVisible = 0;
			defaultConfigurationName = Release;
		};
		C3FE7CD72B1A6646004DA4BD /* Build configuration list for PBXNativeTarget "star wars encyclopediaUITests" */ = {
			isa = XCConfigurationList;
			buildConfigurations = (
				C3FE7CD82B1A6646004DA4BD /* Debug */,
				C3FE7CD92B1A6646004DA4BD /* Release */,
			);
			defaultConfigurationIsVisible = 0;
			defaultConfigurationName = Release;
		};
/* End XCConfigurationList section */

/* Begin XCRemoteSwiftPackageReference section */
		C3B22B852B1E4D8700D504C3 /* XCRemoteSwiftPackageReference "Alamofire" */ = {
			isa = XCRemoteSwiftPackageReference;
			repositoryURL = "https://github.com/Alamofire/Alamofire.git";
			requirement = {
				kind = upToNextMajorVersion;
				minimumVersion = 5.8.1;
			};
		};
/* End XCRemoteSwiftPackageReference section */

/* Begin XCSwiftPackageProductDependency section */
		C3B22B862B1E4D8700D504C3 /* Alamofire */ = {
			isa = XCSwiftPackageProductDependency;
			package = C3B22B852B1E4D8700D504C3 /* XCRemoteSwiftPackageReference "Alamofire" */;
			productName = Alamofire;
		};
/* End XCSwiftPackageProductDependency section */
	};
	rootObject = C3FE7CA52B1A6642004DA4BD /* Project object */;
}
